
Microsoft Visual Studio Solution File, Format Version 12.00
# Visual Studio Version 17
VisualStudioVersion = 17.11.35303.130
MinimumVisualStudioVersion = 10.0.40219.1
Project("{FAE04EC0-301F-11D3-BF4B-00C04F79EFBC}") = "Kosar", "Kosar\Kosar.csproj", "{1D180D3B-DE9B-4A44-BAE3-85A90AA498E7}"
EndProject
Global
	GlobalSection(SolutionConfigurationPlatforms) = preSolution
		Debug|Any CPU = Debug|Any CPU
		Release|Any CPU = Release|Any CPU
	EndGlobalSection
	GlobalSection(ProjectConfigurationPlatforms) = postSolution
		{1D180D3B-DE9B-4A44-BAE3-85A90AA498E7}.Debug|Any CPU.ActiveCfg = Debug|Any CPU
		{1D180D3B-DE9B-4A44-BAE3-85A90AA498E7}.Debug|Any CPU.Build.0 = Debug|Any CPU
		{1D180D3B-DE9B-4A44-BAE3-85A90AA498E7}.Release|Any CPU.ActiveCfg = Release|Any CPU
		{1D180D3B-DE9B-4A44-BAE3-85A90AA498E7}.Release|Any CPU.Build.0 = Release|Any CPU
	EndGlobalSection
	GlobalSection(SolutionProperties) = preSolution
		HideSolutionNode = FALSE
	EndGlobalSection
	GlobalSection(ExtensibilityGlobals) = postSolution
		SolutionGuid = {65293E4D-B674-4337-B177-D01D65B1E78F}
	EndGlobalSection
EndGlobal
